
Microsoft Visual Studio Solution File, Format Version 12.00
# Visual Studio 15
VisualStudioVersion = 15.0.27130.2020
MinimumVisualStudioVersion = 10.0.40219.1
Project("{9A19103F-16F7-4668-BE54-9A1E7A4F7556}") = "PlayGen.SUGAR.Unity", "PlayGen.SUGAR.Unity\PlayGen.SUGAR.Unity.csproj", "{14F79E99-A3F5-4F70-AA2A-06719A0DE82E}"
EndProject
Project("{9A19103F-16F7-4668-BE54-9A1E7A4F7556}") = "PlayGen.SUGAR.Unity.Editor", "PlayGen.SUGAR.Unity.Editor\PlayGen.SUGAR.Unity.Editor.csproj", "{1513F93D-D06B-43EA-8586-F7B2E75B6F03}"
EndProject
Global
	GlobalSection(SolutionConfigurationPlatforms) = preSolution
		Debug|Any CPU = Debug|Any CPU
		Release|Any CPU = Release|Any CPU
	EndGlobalSection
	GlobalSection(ProjectConfigurationPlatforms) = postSolution
		{14F79E99-A3F5-4F70-AA2A-06719A0DE82E}.Debug|Any CPU.ActiveCfg = Debug|Any CPU
		{14F79E99-A3F5-4F70-AA2A-06719A0DE82E}.Debug|Any CPU.Build.0 = Debug|Any CPU
		{14F79E99-A3F5-4F70-AA2A-06719A0DE82E}.Release|Any CPU.ActiveCfg = Release|Any CPU
		{14F79E99-A3F5-4F70-AA2A-06719A0DE82E}.Release|Any CPU.Build.0 = Release|Any CPU
		{1513F93D-D06B-43EA-8586-F7B2E75B6F03}.Debug|Any CPU.ActiveCfg = Debug|Any CPU
		{1513F93D-D06B-43EA-8586-F7B2E75B6F03}.Debug|Any CPU.Build.0 = Debug|Any CPU
		{1513F93D-D06B-43EA-8586-F7B2E75B6F03}.Release|Any CPU.ActiveCfg = Release|Any CPU
		{1513F93D-D06B-43EA-8586-F7B2E75B6F03}.Release|Any CPU.Build.0 = Release|Any CPU
	EndGlobalSection
	GlobalSection(SolutionProperties) = preSolution
		HideSolutionNode = FALSE
	EndGlobalSection
	GlobalSection(ExtensibilityGlobals) = postSolution
		SolutionGuid = {78F3F512-32C7-499D-B5AB-A8C7CB785F60}
	EndGlobalSection
EndGlobal
